// !$*UTF8*$!
{
	archiveVersion = 1;
	classes = {
	};
	objectVersion = 77;
	objects = {

/* Begin PBXContainerItemProxy section */
		E88AB10B2E84AE84007A5D9C /* PBXContainerItemProxy */ = {
			isa = PBXContainerItemProxy;
			containerPortal = E88AB0F52E84AE81007A5D9C /* Project object */;
			proxyType = 1;
			remoteGlobalIDString = E88AB0FC2E84AE81007A5D9C;
			remoteInfo = IAhorro;
		};
		E88AB1152E84AE84007A5D9C /* PBXContainerItemProxy */ = {
			isa = PBXContainerItemProxy;
			containerPortal = E88AB0F52E84AE81007A5D9C /* Project object */;
			proxyType = 1;
			remoteGlobalIDString = E88AB0FC2E84AE81007A5D9C;
			remoteInfo = IAhorro;
		};
/* End PBXContainerItemProxy section */

/* Begin PBXFileReference section */
		E88AB0FD2E84AE81007A5D9C /* IAhorro.app */ = {isa = PBXFileReference; explicitFileType = wrapper.application; includeInIndex = 0; path = IAhorro.app; sourceTree = BUILT_PRODUCTS_DIR; };
		E88AB10A2E84AE84007A5D9C /* IAhorroTests.xctest */ = {isa = PBXFileReference; explicitFileType = wrapper.cfbundle; includeInIndex = 0; path = IAhorroTests.xctest; sourceTree = BUILT_PRODUCTS_DIR; };
		E88AB1142E84AE84007A5D9C /* IAhorroUITests.xctest */ = {isa = PBXFileReference; explicitFileType = wrapper.cfbundle; includeInIndex = 0; path = IAhorroUITests.xctest; sourceTree = BUILT_PRODUCTS_DIR; };
/* End PBXFileReference section */

/* Begin PBXFileSystemSynchronizedRootGroup section */
		E88AB0FF2E84AE81007A5D9C /* IAhorro */ = {
			isa = PBXFileSystemSynchronizedRootGroup;
			path = IAhorro;
			sourceTree = "<group>";
		};
		E88AB10D2E84AE84007A5D9C /* IAhorroTests */ = {
			isa = PBXFileSystemSynchronizedRootGroup;
			path = IAhorroTests;
			sourceTree = "<group>";
		};
		E88AB1172E84AE84007A5D9C /* IAhorroUITests */ = {
			isa = PBXFileSystemSynchronizedRootGroup;
			path = IAhorroUITests;
			sourceTree = "<group>";
		};
/* End PBXFileSystemSynchronizedRootGroup section */

/* Begin PBXFrameworksBuildPhase section */
		E88AB0FA2E84AE81007A5D9C /* Frameworks */ = {
			isa = PBXFrameworksBuildPhase;
			buildActionMask = 2147483647;
			files = (
			);
			runOnlyForDeploymentPostprocessing = 0;
		};
		E88AB1072E84AE84007A5D9C /* Frameworks */ = {
			isa = PBXFrameworksBuildPhase;
			buildActionMask = 2147483647;
			files = (
			);
			runOnlyForDeploymentPostprocessing = 0;
		};
		E88AB1112E84AE84007A5D9C /* Frameworks */ = {
			isa = PBXFrameworksBuildPhase;
			buildActionMask = 2147483647;
			files = (
			);
			runOnlyForDeploymentPostprocessing = 0;
		};
/* End PBXFrameworksBuildPhase section */

/* Begin PBXGroup section */
		E88AB0F42E84AE81007A5D9C = {
			isa = PBXGroup;
			children = (
				E88AB0FF2E84AE81007A5D9C /* IAhorro */,
				E88AB10D2E84AE84007A5D9C /* IAhorroTests */,
				E88AB1172E84AE84007A5D9C /* IAhorroUITests */,
				E88AB0FE2E84AE81007A5D9C /* Products */,
			);
			sourceTree = "<group>";
		};
		E88AB0FE2E84AE81007A5D9C /* Products */ = {
			isa = PBXGroup;
			children = (
				E88AB0FD2E84AE81007A5D9C /* IAhorro.app */,
				E88AB10A2E84AE84007A5D9C /* IAhorroTests.xctest */,
				E88AB1142E84AE84007A5D9C /* IAhorroUITests.xctest */,
			);
			name = Products;
			sourceTree = "<group>";
		};
/* End PBXGroup section */

/* Begin PBXNativeTarget section */
		E88AB0FC2E84AE81007A5D9C /* IAhorro */ = {
			isa = PBXNativeTarget;
			buildConfigurationList = E88AB11E2E84AE84007A5D9C /* Build configuration list for PBXNativeTarget "IAhorro" */;
			buildPhases = (
				E88AB0F92E84AE81007A5D9C /* Sources */,
				E88AB0FA2E84AE81007A5D9C /* Frameworks */,
				E88AB0FB2E84AE81007A5D9C /* Resources */,
			);
			buildRules = (
			);
			dependencies = (
			);
			fileSystemSynchronizedGroups = (
				E88AB0FF2E84AE81007A5D9C /* IAhorro */,
			);
			name = IAhorro;
			packageProductDependencies = (
			);
			productName = IAhorro;
			productReference = E88AB0FD2E84AE81007A5D9C /* IAhorro.app */;
			productType = "com.apple.product-type.application";
		};
		E88AB1092E84AE84007A5D9C /* IAhorroTests */ = {
			isa = PBXNativeTarget;
			buildConfigurationList = E88AB1212E84AE84007A5D9C /* Build configuration list for PBXNativeTarget "IAhorroTests" */;
			buildPhases = (
				E88AB1062E84AE84007A5D9C /* Sources */,
				E88AB1072E84AE84007A5D9C /* Frameworks */,
				E88AB1082E84AE84007A5D9C /* Resources */,
			);
			buildRules = (
			);
			dependencies = (
				E88AB10C2E84AE84007A5D9C /* PBXTargetDependency */,
			);
			fileSystemSynchronizedGroups = (
				E88AB10D2E84AE84007A5D9C /* IAhorroTests */,
			);
			name = IAhorroTests;
			packageProductDependencies = (
			);
			productName = IAhorroTests;
			productReference = E88AB10A2E84AE84007A5D9C /* IAhorroTests.xctest */;
			productType = "com.apple.product-type.bundle.unit-test";
		};
		E88AB1132E84AE84007A5D9C /* IAhorroUITests */ = {
			isa = PBXNativeTarget;
			buildConfigurationList = E88AB1242E84AE84007A5D9C /* Build configuration list for PBXNativeTarget "IAhorroUITests" */;
			buildPhases = (
				E88AB1102E84AE84007A5D9C /* Sources */,
				E88AB1112E84AE84007A5D9C /* Frameworks */,
				E88AB1122E84AE84007A5D9C /* Resources */,
			);
			buildRules = (
			);
			dependencies = (
				E88AB1162E84AE84007A5D9C /* PBXTargetDependency */,
			);
			fileSystemSynchronizedGroups = (
				E88AB1172E84AE84007A5D9C /* IAhorroUITests */,
			);
			name = IAhorroUITests;
			packageProductDependencies = (
			);
			productName = IAhorroUITests;
			productReference = E88AB1142E84AE84007A5D9C /* IAhorroUITests.xctest */;
			productType = "com.apple.product-type.bundle.ui-testing";
		};
/* End PBXNativeTarget section */

/* Begin PBXProject section */
		E88AB0F52E84AE81007A5D9C /* Project object */ = {
			isa = PBXProject;
			attributes = {
				BuildIndependentTargetsInParallel = 1;
				LastSwiftUpdateCheck = 1630;
				LastUpgradeCheck = 1630;
				TargetAttributes = {
					E88AB0FC2E84AE81007A5D9C = {
						CreatedOnToolsVersion = 16.3;
					};
					E88AB1092E84AE84007A5D9C = {
						CreatedOnToolsVersion = 16.3;
						TestTargetID = E88AB0FC2E84AE81007A5D9C;
					};
					E88AB1132E84AE84007A5D9C = {
						CreatedOnToolsVersion = 16.3;
						TestTargetID = E88AB0FC2E84AE81007A5D9C;
					};
				};
			};
			buildConfigurationList = E88AB0F82E84AE81007A5D9C /* Build configuration list for PBXProject "IAhorro" */;
			developmentRegion = en;
			hasScannedForEncodings = 0;
			knownRegions = (
				en,
				Base,
			);
			mainGroup = E88AB0F42E84AE81007A5D9C;
			minimizedProjectReferenceProxies = 1;
			preferredProjectObjectVersion = 77;
			productRefGroup = E88AB0FE2E84AE81007A5D9C /* Products */;
			projectDirPath = "";
			projectRoot = "";
			targets = (
				E88AB0FC2E84AE81007A5D9C /* IAhorro */,
				E88AB1092E84AE84007A5D9C /* IAhorroTests */,
				E88AB1132E84AE84007A5D9C /* IAhorroUITests */,
			);
		};
/* End PBXProject section */

/* Begin PBXResourcesBuildPhase section */
		E88AB0FB2E84AE81007A5D9C /* Resources */ = {
			isa = PBXResourcesBuildPhase;
			buildActionMask = 2147483647;
			files = (
			);
			runOnlyForDeploymentPostprocessing = 0;
		};
		E88AB1082E84AE84007A5D9C /* Resources */ = {
			isa = PBXResourcesBuildPhase;
			buildActionMask = 2147483647;
			files = (
			);
			runOnlyForDeploymentPostprocessing = 0;
		};
		E88AB1122E84AE84007A5D9C /* Resources */ = {
			isa = PBXResourcesBuildPhase;
			buildActionMask = 2147483647;
			files = (
			);
			runOnlyForDeploymentPostprocessing = 0;
		};
/* End PBXResourcesBuildPhase section */

/* Begin PBXSourcesBuildPhase section */
		E88AB0F92E84AE81007A5D9C /* Sources */ = {
			isa = PBXSourcesBuildPhase;
			buildActionMask = 2147483647;
			files = (
			);
			runOnlyForDeploymentPostprocessing = 0;
		};
		E88AB1062E84AE84007A5D9C /* Sources */ = {
			isa = PBXSourcesBuildPhase;
			buildActionMask = 2147483647;
			files = (
			);
			runOnlyForDeploymentPostprocessing = 0;
		};
		E88AB1102E84AE84007A5D9C /* Sources */ = {
			isa = PBXSourcesBuildPhase;
			buildActionMask = 2147483647;
			files = (
			);
			runOnlyForDeploymentPostprocessing = 0;
		};
/* End PBXSourcesBuildPhase section */

/* Begin PBXTargetDependency section */
		E88AB10C2E84AE84007A5D9C /* PBXTargetDependency */ = {
			isa = PBXTargetDependency;
			target = E88AB0FC2E84AE81007A5D9C /* IAhorro */;
			targetProxy = E88AB10B2E84AE84007A5D9C /* PBXContainerItemProxy */;
		};
		E88AB1162E84AE84007A5D9C /* PBXTargetDependency */ = {
			isa = PBXTargetDependency;
			target = E88AB0FC2E84AE81007A5D9C /* IAhorro */;
			targetProxy = E88AB1152E84AE84007A5D9C /* PBXContainerItemProxy */;
		};
/* End PBXTargetDependency section */

/* Begin XCBuildConfiguration section */
		E88AB11C2E84AE84007A5D9C /* Debug */ = {
			isa = XCBuildConfiguration;
			buildSettings = {
				ALWAYS_SEARCH_USER_PATHS = NO;
				ASSETCATALOG_COMPILER_GENERATE_SWIFT_ASSET_SYMBOL_EXTENSIONS = YES;
				CLANG_ANALYZER_NONNULL = YES;
				CLANG_ANALYZER_NUMBER_OBJECT_CONVERSION = YES_AGGRESSIVE;
				CLANG_CXX_LANGUAGE_STANDARD = "gnu++20";
				CLANG_ENABLE_MODULES = YES;
				CLANG_ENABLE_OBJC_ARC = YES;
				CLANG_ENABLE_OBJC_WEAK = YES;
				CLANG_WARN_BLOCK_CAPTURE_AUTORELEASING = YES;
				CLANG_WARN_BOOL_CONVERSION = YES;
				CLANG_WARN_COMMA = YES;
				CLANG_WARN_CONSTANT_CONVERSION = YES;
				CLANG_WARN_DEPRECATED_OBJC_IMPLEMENTATIONS = YES;
				CLANG_WARN_DIRECT_OBJC_ISA_USAGE = YES_ERROR;
				CLANG_WARN_DOCUMENTATION_COMMENTS = YES;
				CLANG_WARN_EMPTY_BODY = YES;
				CLANG_WARN_ENUM_CONVERSION = YES;
				CLANG_WARN_INFINITE_RECURSION = YES;
				CLANG_WARN_INT_CONVERSION = YES;
				CLANG_WARN_NON_LITERAL_NULL_CONVERSION = YES;
				CLANG_WARN_OBJC_IMPLICIT_RETAIN_SELF = YES;
				CLANG_WARN_OBJC_LITERAL_CONVERSION = YES;
				CLANG_WARN_OBJC_ROOT_CLASS = YES_ERROR;
				CLANG_WARN_QUOTED_INCLUDE_IN_FRAMEWORK_HEADER = YES;
				CLANG_WARN_RANGE_LOOP_ANALYSIS = YES;
				CLANG_WARN_STRICT_PROTOTYPES = YES;
				CLANG_WARN_SUSPICIOUS_MOVE = YES;
				CLANG_WARN_UNGUARDED_AVAILABILITY = YES_AGGRESSIVE;
				CLANG_WARN_UNREACHABLE_CODE = YES;
				CLANG_WARN__DUPLICATE_METHOD_MATCH = YES;
				COPY_PHASE_STRIP = NO;
				DEBUG_INFORMATION_FORMAT = dwarf;
				DEVELOPMENT_TEAM = 3ZSPJ3D8G7;
				ENABLE_STRICT_OBJC_MSGSEND = YES;
				ENABLE_TESTABILITY = YES;
				ENABLE_USER_SCRIPT_SANDBOXING = YES;
				GCC_C_LANGUAGE_STANDARD = gnu17;
				GCC_DYNAMIC_NO_PIC = NO;
				GCC_NO_COMMON_BLOCKS = YES;
				GCC_OPTIMIZATION_LEVEL = 0;
				GCC_PREPROCESSOR_DEFINITIONS = (
					"DEBUG=1",
					"$(inherited)",
				);
				GCC_WARN_64_TO_32_BIT_CONVERSION = YES;
				GCC_WARN_ABOUT_RETURN_TYPE = YES_ERROR;
				GCC_WARN_UNDECLARED_SELECTOR = YES;
				GCC_WARN_UNINITIALIZED_AUTOS = YES_AGGRESSIVE;
				GCC_WARN_UNUSED_FUNCTION = YES;
				GCC_WARN_UNUSED_VARIABLE = YES;
				IPHONEOS_DEPLOYMENT_TARGET = 18.4;
				LOCALIZATION_PREFERS_STRING_CATALOGS = YES;
				MTL_ENABLE_DEBUG_INFO = INCLUDE_SOURCE;
				MTL_FAST_MATH = YES;
				ONLY_ACTIVE_ARCH = YES;
				SDKROOT = iphoneos;
				SWIFT_ACTIVE_COMPILATION_CONDITIONS = "DEBUG $(inherited)";
				SWIFT_OPTIMIZATION_LEVEL = "-Onone";
			};
			name = Debug;
		};
		E88AB11D2E84AE84007A5D9C /* Release */ = {
			isa = XCBuildConfiguration;
			buildSettings = {
				ALWAYS_SEARCH_USER_PATHS = NO;
				ASSETCATALOG_COMPILER_GENERATE_SWIFT_ASSET_SYMBOL_EXTENSIONS = YES;
				CLANG_ANALYZER_NONNULL = YES;
				CLANG_ANALYZER_NUMBER_OBJECT_CONVERSION = YES_AGGRESSIVE;
				CLANG_CXX_LANGUAGE_STANDARD = "gnu++20";
				CLANG_ENABLE_MODULES = YES;
				CLANG_ENABLE_OBJC_ARC = YES;
				CLANG_ENABLE_OBJC_WEAK = YES;
				CLANG_WARN_BLOCK_CAPTURE_AUTORELEASING = YES;
				CLANG_WARN_BOOL_CONVERSION = YES;
				CLANG_WARN_COMMA = YES;
				CLANG_WARN_CONSTANT_CONVERSION = YES;
				CLANG_WARN_DEPRECATED_OBJC_IMPLEMENTATIONS = YES;
				CLANG_WARN_DIRECT_OBJC_ISA_USAGE = YES_ERROR;
				CLANG_WARN_DOCUMENTATION_COMMENTS = YES;
				CLANG_WARN_EMPTY_BODY = YES;
				CLANG_WARN_ENUM_CONVERSION = YES;
				CLANG_WARN_INFINITE_RECURSION = YES;
				CLANG_WARN_INT_CONVERSION = YES;
				CLANG_WARN_NON_LITERAL_NULL_CONVERSION = YES;
				CLANG_WARN_OBJC_IMPLICIT_RETAIN_SELF = YES;
				CLANG_WARN_OBJC_LITERAL_CONVERSION = YES;
				CLANG_WARN_OBJC_ROOT_CLASS = YES_ERROR;
				CLANG_WARN_QUOTED_INCLUDE_IN_FRAMEWORK_HEADER = YES;
				CLANG_WARN_RANGE_LOOP_ANALYSIS = YES;
				CLANG_WARN_STRICT_PROTOTYPES = YES;
				CLANG_WARN_SUSPICIOUS_MOVE = YES;
				CLANG_WARN_UNGUARDED_AVAILABILITY = YES_AGGRESSIVE;
				CLANG_WARN_UNREACHABLE_CODE = YES;
				CLANG_WARN__DUPLICATE_METHOD_MATCH = YES;
				COPY_PHASE_STRIP = NO;
				DEBUG_INFORMATION_FORMAT = "dwarf-with-dsym";
				DEVELOPMENT_TEAM = 3ZSPJ3D8G7;
				ENABLE_NS_ASSERTIONS = NO;
				ENABLE_STRICT_OBJC_MSGSEND = YES;
				ENABLE_USER_SCRIPT_SANDBOXING = YES;
				GCC_C_LANGUAGE_STANDARD = gnu17;
				GCC_NO_COMMON_BLOCKS = YES;
				GCC_WARN_64_TO_32_BIT_CONVERSION = YES;
				GCC_WARN_ABOUT_RETURN_TYPE = YES_ERROR;
				GCC_WARN_UNDECLARED_SELECTOR = YES;
				GCC_WARN_UNINITIALIZED_AUTOS = YES_AGGRESSIVE;
				GCC_WARN_UNUSED_FUNCTION = YES;
				GCC_WARN_UNUSED_VARIABLE = YES;
				IPHONEOS_DEPLOYMENT_TARGET = 18.4;
				LOCALIZATION_PREFERS_STRING_CATALOGS = YES;
				MTL_ENABLE_DEBUG_INFO = NO;
				MTL_FAST_MATH = YES;
				SDKROOT = iphoneos;
				SWIFT_COMPILATION_MODE = wholemodule;
				VALIDATE_PRODUCT = YES;
			};
			name = Release;
		};
		E88AB11F2E84AE84007A5D9C /* Debug */ = {
			isa = XCBuildConfiguration;
			buildSettings = {
				ASSETCATALOG_COMPILER_APPICON_NAME = AppIcon;
				ASSETCATALOG_COMPILER_GLOBAL_ACCENT_COLOR_NAME = AccentColor;
				CODE_SIGN_STYLE = Automatic;
				CURRENT_PROJECT_VERSION = 1;
				DEVELOPMENT_TEAM = 3ZSPJ3D8G7;
				ENABLE_PREVIEWS = YES;
				GENERATE_INFOPLIST_FILE = YES;
				INFOPLIST_KEY_UIApplicationSceneManifest_Generation = YES;
				INFOPLIST_KEY_UIApplicationSupportsIndirectInputEvents = YES;
				INFOPLIST_KEY_UILaunchScreen_Generation = YES;
				INFOPLIST_KEY_UISupportedInterfaceOrientations_iPad = "UIInterfaceOrientationPortrait UIInterfaceOrientationPortraitUpsideDown UIInterfaceOrientationLandscapeLeft UIInterfaceOrientationLandscapeRight";
				INFOPLIST_KEY_UISupportedInterfaceOrientations_iPhone = "UIInterfaceOrientationPortrait UIInterfaceOrientationLandscapeLeft UIInterfaceOrientationLandscapeRight";
				LD_RUNPATH_SEARCH_PATHS = (
					"$(inherited)",
					"@executable_path/Frameworks",
				);
				MARKETING_VERSION = 1.0;
				PRODUCT_BUNDLE_IDENTIFIER = IAahorro.IAhorro;
				PRODUCT_NAME = "$(TARGET_NAME)";
				SWIFT_EMIT_LOC_STRINGS = YES;
				SWIFT_VERSION = 5.0;
				TARGETED_DEVICE_FAMILY = "1,2";
			};
			name = Debug;
		};
		E88AB1202E84AE84007A5D9C /* Release */ = {
			isa = XCBuildConfiguration;
			buildSettings = {
				ASSETCATALOG_COMPILER_APPICON_NAME = AppIcon;
				ASSETCATALOG_COMPILER_GLOBAL_ACCENT_COLOR_NAME = AccentColor;
				CODE_SIGN_STYLE = Automatic;
				CURRENT_PROJECT_VERSION = 1;
				DEVELOPMENT_TEAM = 3ZSPJ3D8G7;
				ENABLE_PREVIEWS = YES;
				GENERATE_INFOPLIST_FILE = YES;
				INFOPLIST_KEY_UIApplicationSceneManifest_Generation = YES;
				INFOPLIST_KEY_UIApplicationSupportsIndirectInputEvents = YES;
				INFOPLIST_KEY_UILaunchScreen_Generation = YES;
				INFOPLIST_KEY_UISupportedInterfaceOrientations_iPad = "UIInterfaceOrientationPortrait UIInterfaceOrientationPortraitUpsideDown UIInterfaceOrientationLandscapeLeft UIInterfaceOrientationLandscapeRight";
				INFOPLIST_KEY_UISupportedInterfaceOrientations_iPhone = "UIInterfaceOrientationPortrait UIInterfaceOrientationLandscapeLeft UIInterfaceOrientationLandscapeRight";
				LD_RUNPATH_SEARCH_PATHS = (
					"$(inherited)",
					"@executable_path/Frameworks",
				);
				MARKETING_VERSION = 1.0;
				PRODUCT_BUNDLE_IDENTIFIER = IAahorro.IAhorro;
				PRODUCT_NAME = "$(TARGET_NAME)";
				SWIFT_EMIT_LOC_STRINGS = YES;
				SWIFT_VERSION = 5.0;
				TARGETED_DEVICE_FAMILY = "1,2";
			};
			name = Release;
		};
		E88AB1222E84AE84007A5D9C /* Debug */ = {
			isa = XCBuildConfiguration;
			buildSettings = {
				BUNDLE_LOADER = "$(TEST_HOST)";
				CODE_SIGN_STYLE = Automatic;
				CURRENT_PROJECT_VERSION = 1;
				DEVELOPMENT_TEAM = 3ZSPJ3D8G7;
				GENERATE_INFOPLIST_FILE = YES;
				IPHONEOS_DEPLOYMENT_TARGET = 18.4;
				MARKETING_VERSION = 1.0;
				PRODUCT_BUNDLE_IDENTIFIER = IAahorro.IAhorroTests;
				PRODUCT_NAME = "$(TARGET_NAME)";
				SWIFT_EMIT_LOC_STRINGS = NO;
				SWIFT_VERSION = 5.0;
				TARGETED_DEVICE_FAMILY = "1,2";
				TEST_HOST = "$(BUILT_PRODUCTS_DIR)/IAhorro.app/$(BUNDLE_EXECUTABLE_FOLDER_PATH)/IAhorro";
			};
			name = Debug;
		};
		E88AB1232E84AE84007A5D9C /* Release */ = {
			isa = XCBuildConfiguration;
			buildSettings = {
				BUNDLE_LOADER = "$(TEST_HOST)";
				CODE_SIGN_STYLE = Automatic;
				CURRENT_PROJECT_VERSION = 1;
				DEVELOPMENT_TEAM = 3ZSPJ3D8G7;
				GENERATE_INFOPLIST_FILE = YES;
				IPHONEOS_DEPLOYMENT_TARGET = 18.4;
				MARKETING_VERSION = 1.0;
				PRODUCT_BUNDLE_IDENTIFIER = IAahorro.IAhorroTests;
				PRODUCT_NAME = "$(TARGET_NAME)";
				SWIFT_EMIT_LOC_STRINGS = NO;
				SWIFT_VERSION = 5.0;
				TARGETED_DEVICE_FAMILY = "1,2";
				TEST_HOST = "$(BUILT_PRODUCTS_DIR)/IAhorro.app/$(BUNDLE_EXECUTABLE_FOLDER_PATH)/IAhorro";
			};
			name = Release;
		};
		E88AB1252E84AE84007A5D9C /* Debug */ = {
			isa = XCBuildConfiguration;
			buildSettings = {
				CODE_SIGN_STYLE = Automatic;
				CURRENT_PROJECT_VERSION = 1;
				DEVELOPMENT_TEAM = 3ZSPJ3D8G7;
				GENERATE_INFOPLIST_FILE = YES;
				MARKETING_VERSION = 1.0;
				PRODUCT_BUNDLE_IDENTIFIER = IAahorro.IAhorroUITests;
				PRODUCT_NAME = "$(TARGET_NAME)";
				SWIFT_EMIT_LOC_STRINGS = NO;
				SWIFT_VERSION = 5.0;
				TARGETED_DEVICE_FAMILY = "1,2";
				TEST_TARGET_NAME = IAhorro;
			};
			name = Debug;
		};
		E88AB1262E84AE84007A5D9C /* Release */ = {
			isa = XCBuildConfiguration;
			buildSettings = {
				CODE_SIGN_STYLE = Automatic;
				CURRENT_PROJECT_VERSION = 1;
				DEVELOPMENT_TEAM = 3ZSPJ3D8G7;
				GENERATE_INFOPLIST_FILE = YES;
				MARKETING_VERSION = 1.0;
				PRODUCT_BUNDLE_IDENTIFIER = IAahorro.IAhorroUITests;
				PRODUCT_NAME = "$(TARGET_NAME)";
				SWIFT_EMIT_LOC_STRINGS = NO;
				SWIFT_VERSION = 5.0;
				TARGETED_DEVICE_FAMILY = "1,2";
				TEST_TARGET_NAME = IAhorro;
			};
			name = Release;
		};
/* End XCBuildConfiguration section */

/* Begin XCConfigurationList section */
		E88AB0F82E84AE81007A5D9C /* Build configuration list for PBXProject "IAhorro" */ = {
			isa = XCConfigurationList;
			buildConfigurations = (
				E88AB11C2E84AE84007A5D9C /* Debug */,
				E88AB11D2E84AE84007A5D9C /* Release */,
			);
			defaultConfigurationIsVisible = 0;
			defaultConfigurationName = Release;
		};
		E88AB11E2E84AE84007A5D9C /* Build configuration list for PBXNativeTarget "IAhorro" */ = {
			isa = XCConfigurationList;
			buildConfigurations = (
				E88AB11F2E84AE84007A5D9C /* Debug */,
				E88AB1202E84AE84007A5D9C /* Release */,
			);
			defaultConfigurationIsVisible = 0;
			defaultConfigurationName = Release;
		};
		E88AB1212E84AE84007A5D9C /* Build configuration list for PBXNativeTarget "IAhorroTests" */ = {
			isa = XCConfigurationList;
			buildConfigurations = (
				E88AB1222E84AE84007A5D9C /* Debug */,
				E88AB1232E84AE84007A5D9C /* Release */,
			);
			defaultConfigurationIsVisible = 0;
			defaultConfigurationName = Release;
		};
		E88AB1242E84AE84007A5D9C /* Build configuration list for PBXNativeTarget "IAhorroUITests" */ = {
			isa = XCConfigurationList;
			buildConfigurations = (
				E88AB1252E84AE84007A5D9C /* Debug */,
				E88AB1262E84AE84007A5D9C /* Release */,
			);
			defaultConfigurationIsVisible = 0;
			defaultConfigurationName = Release;
		};
/* End XCConfigurationList section */
	};
	rootObject = E88AB0F52E84AE81007A5D9C /* Project object */;
}
